// !$*UTF8*$!
{
	archiveVersion = 1;
	classes = {
	};
	objectVersion = 56;
	objects = {

/* Begin PBXBuildFile section */
		26A17812293B1FCA0061E803 /* SpaceXGQL in Frameworks */ = {isa = PBXBuildFile; productRef = 26A17811293B1FCA0061E803 /* SpaceXGQL */; };
		E10F4130293279650024671E /* Localizable.strings in Resources */ = {isa = PBXBuildFile; fileRef = E10F4132293279650024671E /* Localizable.strings */; };
		E10F415F29330A600024671E /* FruitsGraphQLTests.swift in Sources */ = {isa = PBXBuildFile; fileRef = E10F415E29330A600024671E /* FruitsGraphQLTests.swift */; };
		E11150FA292FD1520041CB2B /* launchesSchema.graphqls in Resources */ = {isa = PBXBuildFile; fileRef = E11150F9292FD1510041CB2B /* launchesSchema.graphqls */; };
		E11151002930128A0041CB2B /* TypeAliases.swift in Sources */ = {isa = PBXBuildFile; fileRef = E11150FF2930128A0041CB2B /* TypeAliases.swift */; };
		E1123A632935BC8A00FF19B5 /* DetailViewCoordinator.swift in Sources */ = {isa = PBXBuildFile; fileRef = E1123A622935BC8A00FF19B5 /* DetailViewCoordinator.swift */; };
		E14E8063292D2E0D0009B939 /* AppDelegate.swift in Sources */ = {isa = PBXBuildFile; fileRef = E14E8062292D2E0D0009B939 /* AppDelegate.swift */; };
		E14E8065292D2E0D0009B939 /* SceneDelegate.swift in Sources */ = {isa = PBXBuildFile; fileRef = E14E8064292D2E0D0009B939 /* SceneDelegate.swift */; };
		E14E8067292D2E0D0009B939 /* MainListViewController.swift in Sources */ = {isa = PBXBuildFile; fileRef = E14E8066292D2E0D0009B939 /* MainListViewController.swift */; };
		E14E806D292D2E0D0009B939 /* FruitsGraphQL.xcdatamodeld in Sources */ = {isa = PBXBuildFile; fileRef = E14E806B292D2E0D0009B939 /* FruitsGraphQL.xcdatamodeld */; };
		E14E806F292D2E140009B939 /* Assets.xcassets in Resources */ = {isa = PBXBuildFile; fileRef = E14E806E292D2E140009B939 /* Assets.xcassets */; };
		E14E8072292D2E140009B939 /* LaunchScreen.storyboard in Resources */ = {isa = PBXBuildFile; fileRef = E14E8070292D2E140009B939 /* LaunchScreen.storyboard */; };
		E14E807A292D2FEF0009B939 /* Coordinator.swift in Sources */ = {isa = PBXBuildFile; fileRef = E14E8079292D2FEF0009B939 /* Coordinator.swift */; };
		E14E8082292D34920009B939 /* MainListCoordinator.swift in Sources */ = {isa = PBXBuildFile; fileRef = E14E8081292D34920009B939 /* MainListCoordinator.swift */; };
		E14E8084292D35F80009B939 /* Router.swift in Sources */ = {isa = PBXBuildFile; fileRef = E14E8083292D35F80009B939 /* Router.swift */; };
		E14E8086292D38040009B939 /* AppCoordinator.swift in Sources */ = {isa = PBXBuildFile; fileRef = E14E8085292D38040009B939 /* AppCoordinator.swift */; };
		E14E8088292D3BAD0009B939 /* MainListViewModel.swift in Sources */ = {isa = PBXBuildFile; fileRef = E14E8087292D3BAD0009B939 /* MainListViewModel.swift */; };
		E14E8098292D4C010009B939 /* LaunchList.graphql in Resources */ = {isa = PBXBuildFile; fileRef = E14E8097292D4C010009B939 /* LaunchList.graphql */; };
		E15799542937B262002E676D /* DetailViewModel.swift in Sources */ = {isa = PBXBuildFile; fileRef = E15799522937B262002E676D /* DetailViewModel.swift */; };
		E15799552937B262002E676D /* DetailViewController.swift in Sources */ = {isa = PBXBuildFile; fileRef = E15799532937B262002E676D /* DetailViewController.swift */; };
		E15799582937B298002E676D /* APIManager+Detail.swift in Sources */ = {isa = PBXBuildFile; fileRef = E15799562937B298002E676D /* APIManager+Detail.swift */; };
		E15799592937B298002E676D /* APIManager+List.swift in Sources */ = {isa = PBXBuildFile; fileRef = E15799572937B298002E676D /* APIManager+List.swift */; };
		E157995C2937CA12002E676D /* DetailViewController.xib in Resources */ = {isa = PBXBuildFile; fileRef = E157995B2937CA11002E676D /* DetailViewController.xib */; };
		E157995F2937F9BC002E676D /* ApiManagerListMock.swift in Sources */ = {isa = PBXBuildFile; fileRef = E157995E2937F9BB002E676D /* ApiManagerListMock.swift */; };
		E15799612937FB58002E676D /* apollo-codegen-config.json in Resources */ = {isa = PBXBuildFile; fileRef = E15799602937FB58002E676D /* apollo-codegen-config.json */; };
		E157996E293855CD002E676D /* MockNetworkTransport.swift in Sources */ = {isa = PBXBuildFile; fileRef = E157996D293855CD002E676D /* MockNetworkTransport.swift */; };
		E157997029385604002E676D /* MockGraphQuery.swift in Sources */ = {isa = PBXBuildFile; fileRef = E157996F29385604002E676D /* MockGraphQuery.swift */; };
		E17D4C10292F23CE00F70601 /* AppTransition.swift in Sources */ = {isa = PBXBuildFile; fileRef = E17D4C0F292F23CE00F70601 /* AppTransition.swift */; };
		E17D4C12292F286D00F70601 /* APIManager.swift in Sources */ = {isa = PBXBuildFile; fileRef = E17D4C11292F286D00F70601 /* APIManager.swift */; };
		E19C5804292D6B36004C7205 /* Apollo in Frameworks */ = {isa = PBXBuildFile; productRef = E19C5803292D6B36004C7205 /* Apollo */; };
		E1A7D2AD293265A000C25F83 /* Collections in Frameworks */ = {isa = PBXBuildFile; productRef = E1A7D2AC293265A000C25F83 /* Collections */; };
		E1A7D2AF293265A000C25F83 /* DequeModule in Frameworks */ = {isa = PBXBuildFile; productRef = E1A7D2AE293265A000C25F83 /* DequeModule */; };
		E1A7D2B1293265A000C25F83 /* OrderedCollections in Frameworks */ = {isa = PBXBuildFile; productRef = E1A7D2B0293265A000C25F83 /* OrderedCollections */; };
		E1D1D6812937A9D100F36D25 /* (null) in Sources */ = {isa = PBXBuildFile; };
		E1D1D6822937A9D100F36D25 /* (null) in Sources */ = {isa = PBXBuildFile; };
		E1D1D6832937A9D100F36D25 /* (null) in Sources */ = {isa = PBXBuildFile; };
		E1D1D6842937A9D100F36D25 /* (null) in Sources */ = {isa = PBXBuildFile; };
		E1D1D6852937A9D100F36D25 /* (null) in Sources */ = {isa = PBXBuildFile; };
		E1D1D6872937A9D100F36D25 /* (null) in Sources */ = {isa = PBXBuildFile; };
/* End PBXBuildFile section */

/* Begin PBXContainerItemProxy section */
		E10F416029330A600024671E /* PBXContainerItemProxy */ = {
			isa = PBXContainerItemProxy;
			containerPortal = E14E8057292D2E0D0009B939 /* Project object */;
			proxyType = 1;
			remoteGlobalIDString = E14E805E292D2E0D0009B939;
			remoteInfo = FruitsGraphQL;
		};
/* End PBXContainerItemProxy section */

/* Begin PBXFileReference section */
		26A1780F293B1F5D0061E803 /* SpaceXGQL */ = {isa = PBXFileReference; lastKnownFileType = wrapper; name = SpaceXGQL; path = ../SpaceXGQL; sourceTree = "<group>"; };
		E10F4131293279650024671E /* en */ = {isa = PBXFileReference; lastKnownFileType = text.plist.strings; name = en; path = en.lproj/Localizable.strings; sourceTree = "<group>"; };
		E10F415C29330A600024671E /* FruitsGraphQLTests.xctest */ = {isa = PBXFileReference; explicitFileType = wrapper.cfbundle; includeInIndex = 0; path = FruitsGraphQLTests.xctest; sourceTree = BUILT_PRODUCTS_DIR; };
		E10F415E29330A600024671E /* FruitsGraphQLTests.swift */ = {isa = PBXFileReference; lastKnownFileType = sourcecode.swift; path = FruitsGraphQLTests.swift; sourceTree = "<group>"; };
		E11150F9292FD1510041CB2B /* launchesSchema.graphqls */ = {isa = PBXFileReference; fileEncoding = 4; lastKnownFileType = text; path = launchesSchema.graphqls; sourceTree = "<group>"; };
		E11150FF2930128A0041CB2B /* TypeAliases.swift */ = {isa = PBXFileReference; lastKnownFileType = sourcecode.swift; path = TypeAliases.swift; sourceTree = "<group>"; };
		E1123A622935BC8A00FF19B5 /* DetailViewCoordinator.swift */ = {isa = PBXFileReference; lastKnownFileType = sourcecode.swift; path = DetailViewCoordinator.swift; sourceTree = "<group>"; };
		E14E805F292D2E0D0009B939 /* FruitsGraphQL.app */ = {isa = PBXFileReference; explicitFileType = wrapper.application; includeInIndex = 0; path = FruitsGraphQL.app; sourceTree = BUILT_PRODUCTS_DIR; };
		E14E8062292D2E0D0009B939 /* AppDelegate.swift */ = {isa = PBXFileReference; lastKnownFileType = sourcecode.swift; path = AppDelegate.swift; sourceTree = "<group>"; };
		E14E8064292D2E0D0009B939 /* SceneDelegate.swift */ = {isa = PBXFileReference; lastKnownFileType = sourcecode.swift; path = SceneDelegate.swift; sourceTree = "<group>"; };
		E14E8066292D2E0D0009B939 /* MainListViewController.swift */ = {isa = PBXFileReference; lastKnownFileType = sourcecode.swift; path = MainListViewController.swift; sourceTree = "<group>"; };
		E14E806C292D2E0D0009B939 /* FruitsGraphQL.xcdatamodel */ = {isa = PBXFileReference; lastKnownFileType = wrapper.xcdatamodel; path = FruitsGraphQL.xcdatamodel; sourceTree = "<group>"; };
		E14E806E292D2E140009B939 /* Assets.xcassets */ = {isa = PBXFileReference; lastKnownFileType = folder.assetcatalog; path = Assets.xcassets; sourceTree = "<group>"; };
		E14E8071292D2E140009B939 /* Base */ = {isa = PBXFileReference; lastKnownFileType = file.storyboard; name = Base; path = Base.lproj/LaunchScreen.storyboard; sourceTree = "<group>"; };
		E14E8073292D2E140009B939 /* Info.plist */ = {isa = PBXFileReference; lastKnownFileType = text.plist.xml; path = Info.plist; sourceTree = "<group>"; };
		E14E8079292D2FEF0009B939 /* Coordinator.swift */ = {isa = PBXFileReference; lastKnownFileType = sourcecode.swift; path = Coordinator.swift; sourceTree = "<group>"; };
		E14E8081292D34920009B939 /* MainListCoordinator.swift */ = {isa = PBXFileReference; lastKnownFileType = sourcecode.swift; path = MainListCoordinator.swift; sourceTree = "<group>"; };
		E14E8083292D35F80009B939 /* Router.swift */ = {isa = PBXFileReference; lastKnownFileType = sourcecode.swift; path = Router.swift; sourceTree = "<group>"; };
		E14E8085292D38040009B939 /* AppCoordinator.swift */ = {isa = PBXFileReference; lastKnownFileType = sourcecode.swift; path = AppCoordinator.swift; sourceTree = "<group>"; };
		E14E8087292D3BAD0009B939 /* MainListViewModel.swift */ = {isa = PBXFileReference; lastKnownFileType = sourcecode.swift; path = MainListViewModel.swift; sourceTree = "<group>"; };
		E14E8097292D4C010009B939 /* LaunchList.graphql */ = {isa = PBXFileReference; lastKnownFileType = text; path = LaunchList.graphql; sourceTree = "<group>"; };
		E15799522937B262002E676D /* DetailViewModel.swift */ = {isa = PBXFileReference; fileEncoding = 4; lastKnownFileType = sourcecode.swift; path = DetailViewModel.swift; sourceTree = "<group>"; };
		E15799532937B262002E676D /* DetailViewController.swift */ = {isa = PBXFileReference; fileEncoding = 4; lastKnownFileType = sourcecode.swift; path = DetailViewController.swift; sourceTree = "<group>"; };
		E15799562937B298002E676D /* APIManager+Detail.swift */ = {isa = PBXFileReference; fileEncoding = 4; lastKnownFileType = sourcecode.swift; path = "APIManager+Detail.swift"; sourceTree = "<group>"; };
		E15799572937B298002E676D /* APIManager+List.swift */ = {isa = PBXFileReference; fileEncoding = 4; lastKnownFileType = sourcecode.swift; path = "APIManager+List.swift"; sourceTree = "<group>"; };
		E157995B2937CA11002E676D /* DetailViewController.xib */ = {isa = PBXFileReference; fileEncoding = 4; lastKnownFileType = file.xib; path = DetailViewController.xib; sourceTree = "<group>"; };
		E157995E2937F9BB002E676D /* ApiManagerListMock.swift */ = {isa = PBXFileReference; lastKnownFileType = sourcecode.swift; path = ApiManagerListMock.swift; sourceTree = "<group>"; };
		E15799602937FB58002E676D /* apollo-codegen-config.json */ = {isa = PBXFileReference; fileEncoding = 4; lastKnownFileType = text.json; path = "apollo-codegen-config.json"; sourceTree = "<group>"; };
		E157996D293855CD002E676D /* MockNetworkTransport.swift */ = {isa = PBXFileReference; lastKnownFileType = sourcecode.swift; path = MockNetworkTransport.swift; sourceTree = "<group>"; };
		E157996F29385604002E676D /* MockGraphQuery.swift */ = {isa = PBXFileReference; lastKnownFileType = sourcecode.swift; path = MockGraphQuery.swift; sourceTree = "<group>"; };
		E17D4C0F292F23CE00F70601 /* AppTransition.swift */ = {isa = PBXFileReference; lastKnownFileType = sourcecode.swift; path = AppTransition.swift; sourceTree = "<group>"; };
		E17D4C11292F286D00F70601 /* APIManager.swift */ = {isa = PBXFileReference; lastKnownFileType = sourcecode.swift; path = APIManager.swift; sourceTree = "<group>"; };
/* End PBXFileReference section */

/* Begin PBXFrameworksBuildPhase section */
		E10F415929330A600024671E /* Frameworks */ = {
			isa = PBXFrameworksBuildPhase;
			buildActionMask = 2147483647;
			files = (
			);
			runOnlyForDeploymentPostprocessing = 0;
		};
		E14E805C292D2E0D0009B939 /* Frameworks */ = {
			isa = PBXFrameworksBuildPhase;
			buildActionMask = 2147483647;
			files = (
				26A17812293B1FCA0061E803 /* SpaceXGQL in Frameworks */,
				E1A7D2AD293265A000C25F83 /* Collections in Frameworks */,
				E19C5804292D6B36004C7205 /* Apollo in Frameworks */,
				E1A7D2B1293265A000C25F83 /* OrderedCollections in Frameworks */,
				E1A7D2AF293265A000C25F83 /* DequeModule in Frameworks */,
			);
			runOnlyForDeploymentPostprocessing = 0;
		};
/* End PBXFrameworksBuildPhase section */

/* Begin PBXGroup section */
		26A1780E293B1F5D0061E803 /* Packages */ = {
			isa = PBXGroup;
			children = (
				26A1780F293B1F5D0061E803 /* SpaceXGQL */,
			);
			name = Packages;
			sourceTree = "<group>";
		};
		26A17810293B1FCA0061E803 /* Frameworks */ = {
			isa = PBXGroup;
			children = (
			);
			name = Frameworks;
			sourceTree = "<group>";
		};
		E10F412D2932794B0024671E /* Localization */ = {
			isa = PBXGroup;
			children = (
				E10F4132293279650024671E /* Localizable.strings */,
			);
			path = Localization;
			sourceTree = "<group>";
		};
		E10F415D29330A600024671E /* FruitsGraphQLTests */ = {
			isa = PBXGroup;
			children = (
				E157995D2937F98D002E676D /* Mocks */,
				E10F415E29330A600024671E /* FruitsGraphQLTests.swift */,
			);
			path = FruitsGraphQLTests;
			sourceTree = "<group>";
		};
		E11150FE293012730041CB2B /* Helper */ = {
			isa = PBXGroup;
			children = (
				E11150FF2930128A0041CB2B /* TypeAliases.swift */,
			);
			path = Helper;
			sourceTree = "<group>";
		};
		E1123A5B2935BBEE00FF19B5 /* DetailView */ = {
			isa = PBXGroup;
			children = (
				E157995B2937CA11002E676D /* DetailViewController.xib */,
				E15799532937B262002E676D /* DetailViewController.swift */,
				E15799522937B262002E676D /* DetailViewModel.swift */,
				E1123A622935BC8A00FF19B5 /* DetailViewCoordinator.swift */,
			);
			path = DetailView;
			sourceTree = "<group>";
		};
		E14E8056292D2E0D0009B939 = {
			isa = PBXGroup;
			children = (
				26A1780E293B1F5D0061E803 /* Packages */,
				E14E8061292D2E0D0009B939 /* FruitsGraphQL */,
				E10F415D29330A600024671E /* FruitsGraphQLTests */,
				E14E8060292D2E0D0009B939 /* Products */,
				26A17810293B1FCA0061E803 /* Frameworks */,
			);
			sourceTree = "<group>";
		};
		E14E8060292D2E0D0009B939 /* Products */ = {
			isa = PBXGroup;
			children = (
				E14E805F292D2E0D0009B939 /* FruitsGraphQL.app */,
				E10F415C29330A600024671E /* FruitsGraphQLTests.xctest */,
			);
			name = Products;
			sourceTree = "<group>";
		};
		E14E8061292D2E0D0009B939 /* FruitsGraphQL */ = {
			isa = PBXGroup;
			children = (
				E19EBA9729371244000AB013 /* GraphQL */,
				E10F412D2932794B0024671E /* Localization */,
				E11150FE293012730041CB2B /* Helper */,
				E17D4C0E292F237A00F70601 /* Navigation */,
				E14E808E292D4A420009B939 /* Networking */,
				E14E807F292D346D0009B939 /* Views */,
				E14E8062292D2E0D0009B939 /* AppDelegate.swift */,
				E14E8064292D2E0D0009B939 /* SceneDelegate.swift */,
				E14E8085292D38040009B939 /* AppCoordinator.swift */,
				E14E806E292D2E140009B939 /* Assets.xcassets */,
				E14E8070292D2E140009B939 /* LaunchScreen.storyboard */,
				E14E8073292D2E140009B939 /* Info.plist */,
				E14E806B292D2E0D0009B939 /* FruitsGraphQL.xcdatamodeld */,
			);
			path = FruitsGraphQL;
			sourceTree = "<group>";
		};
		E14E807F292D346D0009B939 /* Views */ = {
			isa = PBXGroup;
			children = (
				E1123A5B2935BBEE00FF19B5 /* DetailView */,
				E14E8080292D34790009B939 /* MainList */,
			);
			path = Views;
			sourceTree = "<group>";
		};
		E14E8080292D34790009B939 /* MainList */ = {
			isa = PBXGroup;
			children = (
				E14E8081292D34920009B939 /* MainListCoordinator.swift */,
				E14E8066292D2E0D0009B939 /* MainListViewController.swift */,
				E14E8087292D3BAD0009B939 /* MainListViewModel.swift */,
			);
			path = MainList;
			sourceTree = "<group>";
		};
		E14E808E292D4A420009B939 /* Networking */ = {
			isa = PBXGroup;
			children = (
				E14E8090292D4A5E0009B939 /* APIManager */,
			);
			path = Networking;
			sourceTree = "<group>";
		};
		E14E808F292D4A550009B939 /* queries */ = {
			isa = PBXGroup;
			children = (
				E14E8097292D4C010009B939 /* LaunchList.graphql */,
			);
			path = queries;
			sourceTree = "<group>";
		};
		E14E8090292D4A5E0009B939 /* APIManager */ = {
			isa = PBXGroup;
			children = (
				E15799562937B298002E676D /* APIManager+Detail.swift */,
				E15799572937B298002E676D /* APIManager+List.swift */,
				E17D4C11292F286D00F70601 /* APIManager.swift */,
			);
			path = APIManager;
			sourceTree = "<group>";
		};
		E157995D2937F98D002E676D /* Mocks */ = {
			isa = PBXGroup;
			children = (
				E157995E2937F9BB002E676D /* ApiManagerListMock.swift */,
				E157996D293855CD002E676D /* MockNetworkTransport.swift */,
				E157996F29385604002E676D /* MockGraphQuery.swift */,
			);
			path = Mocks;
			sourceTree = "<group>";
		};
		E17D4C0E292F237A00F70601 /* Navigation */ = {
			isa = PBXGroup;
			children = (
				E14E8079292D2FEF0009B939 /* Coordinator.swift */,
				E14E8083292D35F80009B939 /* Router.swift */,
				E17D4C0F292F23CE00F70601 /* AppTransition.swift */,
			);
			path = Navigation;
			sourceTree = "<group>";
		};
		E19EBA9729371244000AB013 /* GraphQL */ = {
			isa = PBXGroup;
			children = (
				E15799602937FB58002E676D /* apollo-codegen-config.json */,
				E11150F9292FD1510041CB2B /* launchesSchema.graphqls */,
				E14E808F292D4A550009B939 /* queries */,
			);
			path = GraphQL;
			sourceTree = "<group>";
		};
/* End PBXGroup section */

/* Begin PBXNativeTarget section */
		E10F415B29330A600024671E /* FruitsGraphQLTests */ = {
			isa = PBXNativeTarget;
			buildConfigurationList = E10F416429330A600024671E /* Build configuration list for PBXNativeTarget "FruitsGraphQLTests" */;
			buildPhases = (
				E10F415829330A600024671E /* Sources */,
				E10F415929330A600024671E /* Frameworks */,
				E10F415A29330A600024671E /* Resources */,
			);
			buildRules = (
			);
			dependencies = (
				E10F416129330A600024671E /* PBXTargetDependency */,
			);
			name = FruitsGraphQLTests;
			productName = FruitsGraphQLTests;
			productReference = E10F415C29330A600024671E /* FruitsGraphQLTests.xctest */;
			productType = "com.apple.product-type.bundle.unit-test";
		};
		E14E805E292D2E0D0009B939 /* FruitsGraphQL */ = {
			isa = PBXNativeTarget;
			buildConfigurationList = E14E8076292D2E140009B939 /* Build configuration list for PBXNativeTarget "FruitsGraphQL" */;
			buildPhases = (
				E14E805B292D2E0D0009B939 /* Sources */,
				E14E805C292D2E0D0009B939 /* Frameworks */,
				E14E805D292D2E0D0009B939 /* Resources */,
				E1123A5A293546E800FF19B5 /* Swift lint */,
			);
			buildRules = (
			);
			dependencies = (
			);
			name = FruitsGraphQL;
			packageProductDependencies = (
				E19C5803292D6B36004C7205 /* Apollo */,
				E1A7D2AC293265A000C25F83 /* Collections */,
				E1A7D2AE293265A000C25F83 /* DequeModule */,
				E1A7D2B0293265A000C25F83 /* OrderedCollections */,
				26A17811293B1FCA0061E803 /* SpaceXGQL */,
			);
			productName = FruitsGraphQL;
			productReference = E14E805F292D2E0D0009B939 /* FruitsGraphQL.app */;
			productType = "com.apple.product-type.application";
		};
/* End PBXNativeTarget section */

/* Begin PBXProject section */
		E14E8057292D2E0D0009B939 /* Project object */ = {
			isa = PBXProject;
			attributes = {
				BuildIndependentTargetsInParallel = 1;
				LastSwiftUpdateCheck = 1410;
				LastUpgradeCheck = 1410;
				TargetAttributes = {
					E10F415B29330A600024671E = {
						CreatedOnToolsVersion = 14.1;
						TestTargetID = E14E805E292D2E0D0009B939;
					};
					E14E805E292D2E0D0009B939 = {
						CreatedOnToolsVersion = 14.1;
					};
				};
			};
			buildConfigurationList = E14E805A292D2E0D0009B939 /* Build configuration list for PBXProject "FruitsGraphQL" */;
			compatibilityVersion = "Xcode 14.0";
			developmentRegion = en;
			hasScannedForEncodings = 0;
			knownRegions = (
				en,
				Base,
			);
			mainGroup = E14E8056292D2E0D0009B939;
			packageReferences = (
				E19C5802292D6B36004C7205 /* XCRemoteSwiftPackageReference "apollo-ios" */,
				E1A7D2AB293265A000C25F83 /* XCRemoteSwiftPackageReference "swift-collections" */,
			);
			productRefGroup = E14E8060292D2E0D0009B939 /* Products */;
			projectDirPath = "";
			projectRoot = "";
			targets = (
				E14E805E292D2E0D0009B939 /* FruitsGraphQL */,
				E10F415B29330A600024671E /* FruitsGraphQLTests */,
			);
		};
/* End PBXProject section */

/* Begin PBXResourcesBuildPhase section */
		E10F415A29330A600024671E /* Resources */ = {
			isa = PBXResourcesBuildPhase;
			buildActionMask = 2147483647;
			files = (
			);
			runOnlyForDeploymentPostprocessing = 0;
		};
		E14E805D292D2E0D0009B939 /* Resources */ = {
			isa = PBXResourcesBuildPhase;
			buildActionMask = 2147483647;
			files = (
				E10F4130293279650024671E /* Localizable.strings in Resources */,
				E157995C2937CA12002E676D /* DetailViewController.xib in Resources */,
				E15799612937FB58002E676D /* apollo-codegen-config.json in Resources */,
				E11150FA292FD1520041CB2B /* launchesSchema.graphqls in Resources */,
				E14E8072292D2E140009B939 /* LaunchScreen.storyboard in Resources */,
				E14E8098292D4C010009B939 /* LaunchList.graphql in Resources */,
				E14E806F292D2E140009B939 /* Assets.xcassets in Resources */,
			);
			runOnlyForDeploymentPostprocessing = 0;
		};
/* End PBXResourcesBuildPhase section */

/* Begin PBXShellScriptBuildPhase section */
		E1123A5A293546E800FF19B5 /* Swift lint */ = {
			isa = PBXShellScriptBuildPhase;
			buildActionMask = 2147483647;
			files = (
			);
			inputFileListPaths = (
			);
			inputPaths = (
			);
			name = "Swift lint";
			outputFileListPaths = (
			);
			outputPaths = (
			);
			runOnlyForDeploymentPostprocessing = 0;
			shellPath = /bin/sh;
			shellScript = "if which swiftlint > /dev/null; then\n  swiftlint\nelse\n  echo \"warning: SwiftLint not installed, download from https://github.com/realm/SwiftLint\"\nfi\n";
		};
/* End PBXShellScriptBuildPhase section */

/* Begin PBXSourcesBuildPhase section */
		E10F415829330A600024671E /* Sources */ = {
			isa = PBXSourcesBuildPhase;
			buildActionMask = 2147483647;
			files = (
				E157995F2937F9BC002E676D /* ApiManagerListMock.swift in Sources */,
				E157997029385604002E676D /* MockGraphQuery.swift in Sources */,
				E10F415F29330A600024671E /* FruitsGraphQLTests.swift in Sources */,
				E157996E293855CD002E676D /* MockNetworkTransport.swift in Sources */,
			);
			runOnlyForDeploymentPostprocessing = 0;
		};
		E14E805B292D2E0D0009B939 /* Sources */ = {
			isa = PBXSourcesBuildPhase;
			buildActionMask = 2147483647;
			files = (
				E17D4C12292F286D00F70601 /* APIManager.swift in Sources */,
				E15799592937B298002E676D /* APIManager+List.swift in Sources */,
				E1D1D6872937A9D100F36D25 /* (null) in Sources */,
				E15799582937B298002E676D /* APIManager+Detail.swift in Sources */,
				E1D1D6842937A9D100F36D25 /* (null) in Sources */,
				E14E8067292D2E0D0009B939 /* MainListViewController.swift in Sources */,
				E14E8063292D2E0D0009B939 /* AppDelegate.swift in Sources */,
				E11151002930128A0041CB2B /* TypeAliases.swift in Sources */,
				E1D1D6832937A9D100F36D25 /* (null) in Sources */,
				E14E807A292D2FEF0009B939 /* Coordinator.swift in Sources */,
				E14E8084292D35F80009B939 /* Router.swift in Sources */,
				E15799542937B262002E676D /* DetailViewModel.swift in Sources */,
				E1D1D6852937A9D100F36D25 /* (null) in Sources */,
				E17D4C10292F23CE00F70601 /* AppTransition.swift in Sources */,
				E14E8088292D3BAD0009B939 /* MainListViewModel.swift in Sources */,
				E15799552937B262002E676D /* DetailViewController.swift in Sources */,
				E1D1D6812937A9D100F36D25 /* (null) in Sources */,
				E14E8086292D38040009B939 /* AppCoordinator.swift in Sources */,
				E14E806D292D2E0D0009B939 /* FruitsGraphQL.xcdatamodeld in Sources */,
				E1D1D6822937A9D100F36D25 /* (null) in Sources */,
				E14E8065292D2E0D0009B939 /* SceneDelegate.swift in Sources */,
				E1123A632935BC8A00FF19B5 /* DetailViewCoordinator.swift in Sources */,
				E14E8082292D34920009B939 /* MainListCoordinator.swift in Sources */,
			);
			runOnlyForDeploymentPostprocessing = 0;
		};
/* End PBXSourcesBuildPhase section */

/* Begin PBXTargetDependency section */
		E10F416129330A600024671E /* PBXTargetDependency */ = {
			isa = PBXTargetDependency;
			target = E14E805E292D2E0D0009B939 /* FruitsGraphQL */;
			targetProxy = E10F416029330A600024671E /* PBXContainerItemProxy */;
		};
/* End PBXTargetDependency section */

/* Begin PBXVariantGroup section */
		E10F4132293279650024671E /* Localizable.strings */ = {
			isa = PBXVariantGroup;
			children = (
				E10F4131293279650024671E /* en */,
			);
			name = Localizable.strings;
			sourceTree = "<group>";
		};
		E14E8070292D2E140009B939 /* LaunchScreen.storyboard */ = {
			isa = PBXVariantGroup;
			children = (
				E14E8071292D2E140009B939 /* Base */,
			);
			name = LaunchScreen.storyboard;
			sourceTree = "<group>";
		};
/* End PBXVariantGroup section */

/* Begin XCBuildConfiguration section */
		E10F416229330A600024671E /* Debug */ = {
			isa = XCBuildConfiguration;
			buildSettings = {
				BUNDLE_LOADER = "$(TEST_HOST)";
				CODE_SIGN_STYLE = Automatic;
				CURRENT_PROJECT_VERSION = 1;
				DEVELOPMENT_TEAM = HY5HVV22ZQ;
				GENERATE_INFOPLIST_FILE = YES;
				IPHONEOS_DEPLOYMENT_TARGET = 16.1;
				MACOSX_DEPLOYMENT_TARGET = 12.6;
				MARKETING_VERSION = 1.0;
				PRODUCT_BUNDLE_IDENTIFIER = com.fruits.FruitsGraphQLTests;
				PRODUCT_NAME = "$(TARGET_NAME)";
				SDKROOT = auto;
				SUPPORTED_PLATFORMS = "iphoneos iphonesimulator macosx";
				SWIFT_EMIT_LOC_STRINGS = NO;
				SWIFT_VERSION = 5.0;
				TARGETED_DEVICE_FAMILY = "1,2";
				TEST_HOST = "$(BUILT_PRODUCTS_DIR)/FruitsGraphQL.app/$(BUNDLE_EXECUTABLE_FOLDER_PATH)/FruitsGraphQL";
			};
			name = Debug;
		};
		E10F416329330A600024671E /* Release */ = {
			isa = XCBuildConfiguration;
			buildSettings = {
				BUNDLE_LOADER = "$(TEST_HOST)";
				CODE_SIGN_STYLE = Automatic;
				CURRENT_PROJECT_VERSION = 1;
				DEVELOPMENT_TEAM = HY5HVV22ZQ;
				GENERATE_INFOPLIST_FILE = YES;
				IPHONEOS_DEPLOYMENT_TARGET = 16.1;
				MACOSX_DEPLOYMENT_TARGET = 12.6;
				MARKETING_VERSION = 1.0;
				PRODUCT_BUNDLE_IDENTIFIER = com.fruits.FruitsGraphQLTests;
				PRODUCT_NAME = "$(TARGET_NAME)";
				SDKROOT = auto;
				SUPPORTED_PLATFORMS = "iphoneos iphonesimulator macosx";
				SWIFT_EMIT_LOC_STRINGS = NO;
				SWIFT_VERSION = 5.0;
				TARGETED_DEVICE_FAMILY = "1,2";
				TEST_HOST = "$(BUILT_PRODUCTS_DIR)/FruitsGraphQL.app/$(BUNDLE_EXECUTABLE_FOLDER_PATH)/FruitsGraphQL";
			};
			name = Release;
		};
		E14E8074292D2E140009B939 /* Debug */ = {
			isa = XCBuildConfiguration;
			buildSettings = {
				ALWAYS_SEARCH_USER_PATHS = NO;
				CLANG_ANALYZER_NONNULL = YES;
				CLANG_ANALYZER_NUMBER_OBJECT_CONVERSION = YES_AGGRESSIVE;
				CLANG_CXX_LANGUAGE_STANDARD = "gnu++20";
				CLANG_ENABLE_MODULES = YES;
				CLANG_ENABLE_OBJC_ARC = YES;
				CLANG_ENABLE_OBJC_WEAK = YES;
				CLANG_WARN_BLOCK_CAPTURE_AUTORELEASING = YES;
				CLANG_WARN_BOOL_CONVERSION = YES;
				CLANG_WARN_COMMA = YES;
				CLANG_WARN_CONSTANT_CONVERSION = YES;
				CLANG_WARN_DEPRECATED_OBJC_IMPLEMENTATIONS = YES;
				CLANG_WARN_DIRECT_OBJC_ISA_USAGE = YES_ERROR;
				CLANG_WARN_DOCUMENTATION_COMMENTS = YES;
				CLANG_WARN_EMPTY_BODY = YES;
				CLANG_WARN_ENUM_CONVERSION = YES;
				CLANG_WARN_INFINITE_RECURSION = YES;
				CLANG_WARN_INT_CONVERSION = YES;
				CLANG_WARN_NON_LITERAL_NULL_CONVERSION = YES;
				CLANG_WARN_OBJC_IMPLICIT_RETAIN_SELF = YES;
				CLANG_WARN_OBJC_LITERAL_CONVERSION = YES;
				CLANG_WARN_OBJC_ROOT_CLASS = YES_ERROR;
				CLANG_WARN_QUOTED_INCLUDE_IN_FRAMEWORK_HEADER = YES;
				CLANG_WARN_RANGE_LOOP_ANALYSIS = YES;
				CLANG_WARN_STRICT_PROTOTYPES = YES;
				CLANG_WARN_SUSPICIOUS_MOVE = YES;
				CLANG_WARN_UNGUARDED_AVAILABILITY = YES_AGGRESSIVE;
				CLANG_WARN_UNREACHABLE_CODE = YES;
				CLANG_WARN__DUPLICATE_METHOD_MATCH = YES;
				COPY_PHASE_STRIP = NO;
				DEBUG_INFORMATION_FORMAT = dwarf;
				ENABLE_STRICT_OBJC_MSGSEND = YES;
				ENABLE_TESTABILITY = YES;
				GCC_C_LANGUAGE_STANDARD = gnu11;
				GCC_DYNAMIC_NO_PIC = NO;
				GCC_NO_COMMON_BLOCKS = YES;
				GCC_OPTIMIZATION_LEVEL = 0;
				GCC_PREPROCESSOR_DEFINITIONS = (
					"DEBUG=1",
					"$(inherited)",
				);
				GCC_WARN_64_TO_32_BIT_CONVERSION = YES;
				GCC_WARN_ABOUT_RETURN_TYPE = YES_ERROR;
				GCC_WARN_UNDECLARED_SELECTOR = YES;
				GCC_WARN_UNINITIALIZED_AUTOS = YES_AGGRESSIVE;
				GCC_WARN_UNUSED_FUNCTION = YES;
				GCC_WARN_UNUSED_VARIABLE = YES;
				IPHONEOS_DEPLOYMENT_TARGET = 16.0;
				MTL_ENABLE_DEBUG_INFO = INCLUDE_SOURCE;
				MTL_FAST_MATH = YES;
				ONLY_ACTIVE_ARCH = YES;
				SDKROOT = iphoneos;
				SWIFT_ACTIVE_COMPILATION_CONDITIONS = DEBUG;
				SWIFT_OPTIMIZATION_LEVEL = "-Onone";
			};
			name = Debug;
		};
		E14E8075292D2E140009B939 /* Release */ = {
			isa = XCBuildConfiguration;
			buildSettings = {
				ALWAYS_SEARCH_USER_PATHS = NO;
				CLANG_ANALYZER_NONNULL = YES;
				CLANG_ANALYZER_NUMBER_OBJECT_CONVERSION = YES_AGGRESSIVE;
				CLANG_CXX_LANGUAGE_STANDARD = "gnu++20";
				CLANG_ENABLE_MODULES = YES;
				CLANG_ENABLE_OBJC_ARC = YES;
				CLANG_ENABLE_OBJC_WEAK = YES;
				CLANG_WARN_BLOCK_CAPTURE_AUTORELEASING = YES;
				CLANG_WARN_BOOL_CONVERSION = YES;
				CLANG_WARN_COMMA = YES;
				CLANG_WARN_CONSTANT_CONVERSION = YES;
				CLANG_WARN_DEPRECATED_OBJC_IMPLEMENTATIONS = YES;
				CLANG_WARN_DIRECT_OBJC_ISA_USAGE = YES_ERROR;
				CLANG_WARN_DOCUMENTATION_COMMENTS = YES;
				CLANG_WARN_EMPTY_BODY = YES;
				CLANG_WARN_ENUM_CONVERSION = YES;
				CLANG_WARN_INFINITE_RECURSION = YES;
				CLANG_WARN_INT_CONVERSION = YES;
				CLANG_WARN_NON_LITERAL_NULL_CONVERSION = YES;
				CLANG_WARN_OBJC_IMPLICIT_RETAIN_SELF = YES;
				CLANG_WARN_OBJC_LITERAL_CONVERSION = YES;
				CLANG_WARN_OBJC_ROOT_CLASS = YES_ERROR;
				CLANG_WARN_QUOTED_INCLUDE_IN_FRAMEWORK_HEADER = YES;
				CLANG_WARN_RANGE_LOOP_ANALYSIS = YES;
				CLANG_WARN_STRICT_PROTOTYPES = YES;
				CLANG_WARN_SUSPICIOUS_MOVE = YES;
				CLANG_WARN_UNGUARDED_AVAILABILITY = YES_AGGRESSIVE;
				CLANG_WARN_UNREACHABLE_CODE = YES;
				CLANG_WARN__DUPLICATE_METHOD_MATCH = YES;
				COPY_PHASE_STRIP = NO;
				DEBUG_INFORMATION_FORMAT = "dwarf-with-dsym";
				ENABLE_NS_ASSERTIONS = NO;
				ENABLE_STRICT_OBJC_MSGSEND = YES;
				GCC_C_LANGUAGE_STANDARD = gnu11;
				GCC_NO_COMMON_BLOCKS = YES;
				GCC_WARN_64_TO_32_BIT_CONVERSION = YES;
				GCC_WARN_ABOUT_RETURN_TYPE = YES_ERROR;
				GCC_WARN_UNDECLARED_SELECTOR = YES;
				GCC_WARN_UNINITIALIZED_AUTOS = YES_AGGRESSIVE;
				GCC_WARN_UNUSED_FUNCTION = YES;
				GCC_WARN_UNUSED_VARIABLE = YES;
				IPHONEOS_DEPLOYMENT_TARGET = 16.0;
				MTL_ENABLE_DEBUG_INFO = NO;
				MTL_FAST_MATH = YES;
				SDKROOT = iphoneos;
				SWIFT_COMPILATION_MODE = wholemodule;
				SWIFT_OPTIMIZATION_LEVEL = "-O";
				VALIDATE_PRODUCT = YES;
			};
			name = Release;
		};
		E14E8077292D2E140009B939 /* Debug */ = {
			isa = XCBuildConfiguration;
			buildSettings = {
				ASSETCATALOG_COMPILER_APPICON_NAME = AppIcon;
				ASSETCATALOG_COMPILER_GLOBAL_ACCENT_COLOR_NAME = AccentColor;
				CODE_SIGN_STYLE = Automatic;
				CURRENT_PROJECT_VERSION = 1;
				DEVELOPMENT_TEAM = HY5HVV22ZQ;
				GENERATE_INFOPLIST_FILE = YES;
				INFOPLIST_FILE = FruitsGraphQL/Info.plist;
				INFOPLIST_KEY_UIApplicationSupportsIndirectInputEvents = YES;
				INFOPLIST_KEY_UILaunchStoryboardName = LaunchScreen;
				INFOPLIST_KEY_UIMainStoryboardFile = "";
				INFOPLIST_KEY_UISupportedInterfaceOrientations_iPad = "UIInterfaceOrientationPortrait UIInterfaceOrientationPortraitUpsideDown UIInterfaceOrientationLandscapeLeft UIInterfaceOrientationLandscapeRight";
				INFOPLIST_KEY_UISupportedInterfaceOrientations_iPhone = "UIInterfaceOrientationPortrait UIInterfaceOrientationLandscapeLeft UIInterfaceOrientationLandscapeRight";
				LD_RUNPATH_SEARCH_PATHS = (
					"$(inherited)",
					"@executable_path/Frameworks",
				);
				MARKETING_VERSION = 1.0;
				PRODUCT_BUNDLE_IDENTIFIER = com.fruits.FruitsGraphQL;
				PRODUCT_NAME = "$(TARGET_NAME)";
				SWIFT_EMIT_LOC_STRINGS = YES;
				SWIFT_VERSION = 5.0;
				TARGETED_DEVICE_FAMILY = "1,2";
			};
			name = Debug;
		};
		E14E8078292D2E140009B939 /* Release */ = {
			isa = XCBuildConfiguration;
			buildSettings = {
				ASSETCATALOG_COMPILER_APPICON_NAME = AppIcon;
				ASSETCATALOG_COMPILER_GLOBAL_ACCENT_COLOR_NAME = AccentColor;
				CODE_SIGN_STYLE = Automatic;
				CURRENT_PROJECT_VERSION = 1;
				DEVELOPMENT_TEAM = HY5HVV22ZQ;
				GENERATE_INFOPLIST_FILE = YES;
				INFOPLIST_FILE = FruitsGraphQL/Info.plist;
				INFOPLIST_KEY_UIApplicationSupportsIndirectInputEvents = YES;
				INFOPLIST_KEY_UILaunchStoryboardName = LaunchScreen;
				INFOPLIST_KEY_UIMainStoryboardFile = "";
				INFOPLIST_KEY_UISupportedInterfaceOrientations_iPad = "UIInterfaceOrientationPortrait UIInterfaceOrientationPortraitUpsideDown UIInterfaceOrientationLandscapeLeft UIInterfaceOrientationLandscapeRight";
				INFOPLIST_KEY_UISupportedInterfaceOrientations_iPhone = "UIInterfaceOrientationPortrait UIInterfaceOrientationLandscapeLeft UIInterfaceOrientationLandscapeRight";
				LD_RUNPATH_SEARCH_PATHS = (
					"$(inherited)",
					"@executable_path/Frameworks",
				);
				MARKETING_VERSION = 1.0;
				PRODUCT_BUNDLE_IDENTIFIER = com.fruits.FruitsGraphQL;
				PRODUCT_NAME = "$(TARGET_NAME)";
				SWIFT_EMIT_LOC_STRINGS = YES;
				SWIFT_VERSION = 5.0;
				TARGETED_DEVICE_FAMILY = "1,2";
			};
			name = Release;
		};
/* End XCBuildConfiguration section */

/* Begin XCConfigurationList section */
		E10F416429330A600024671E /* Build configuration list for PBXNativeTarget "FruitsGraphQLTests" */ = {
			isa = XCConfigurationList;
			buildConfigurations = (
				E10F416229330A600024671E /* Debug */,
				E10F416329330A600024671E /* Release */,
			);
			defaultConfigurationIsVisible = 0;
			defaultConfigurationName = Release;
		};
		E14E805A292D2E0D0009B939 /* Build configuration list for PBXProject "FruitsGraphQL" */ = {
			isa = XCConfigurationList;
			buildConfigurations = (
				E14E8074292D2E140009B939 /* Debug */,
				E14E8075292D2E140009B939 /* Release */,
			);
			defaultConfigurationIsVisible = 0;
			defaultConfigurationName = Release;
		};
		E14E8076292D2E140009B939 /* Build configuration list for PBXNativeTarget "FruitsGraphQL" */ = {
			isa = XCConfigurationList;
			buildConfigurations = (
				E14E8077292D2E140009B939 /* Debug */,
				E14E8078292D2E140009B939 /* Release */,
			);
			defaultConfigurationIsVisible = 0;
			defaultConfigurationName = Release;
		};
/* End XCConfigurationList section */

/* Begin XCRemoteSwiftPackageReference section */
		E19C5802292D6B36004C7205 /* XCRemoteSwiftPackageReference "apollo-ios" */ = {
			isa = XCRemoteSwiftPackageReference;
			repositoryURL = "https://github.com/apollographql/apollo-ios.git";
			requirement = {
				kind = upToNextMajorVersion;
				minimumVersion = 1.0.0;
			};
		};
		E1A7D2AB293265A000C25F83 /* XCRemoteSwiftPackageReference "swift-collections" */ = {
			isa = XCRemoteSwiftPackageReference;
			repositoryURL = "https://github.com/apple/swift-collections.git";
			requirement = {
				kind = upToNextMajorVersion;
				minimumVersion = 1.0.0;
			};
		};
/* End XCRemoteSwiftPackageReference section */

/* Begin XCSwiftPackageProductDependency section */
		26A17811293B1FCA0061E803 /* SpaceXGQL */ = {
			isa = XCSwiftPackageProductDependency;
			productName = SpaceXGQL;
		};
		E19C5803292D6B36004C7205 /* Apollo */ = {
			isa = XCSwiftPackageProductDependency;
			package = E19C5802292D6B36004C7205 /* XCRemoteSwiftPackageReference "apollo-ios" */;
			productName = Apollo;
		};
		E1A7D2AC293265A000C25F83 /* Collections */ = {
			isa = XCSwiftPackageProductDependency;
			package = E1A7D2AB293265A000C25F83 /* XCRemoteSwiftPackageReference "swift-collections" */;
			productName = Collections;
		};
		E1A7D2AE293265A000C25F83 /* DequeModule */ = {
			isa = XCSwiftPackageProductDependency;
			package = E1A7D2AB293265A000C25F83 /* XCRemoteSwiftPackageReference "swift-collections" */;
			productName = DequeModule;
		};
		E1A7D2B0293265A000C25F83 /* OrderedCollections */ = {
			isa = XCSwiftPackageProductDependency;
			package = E1A7D2AB293265A000C25F83 /* XCRemoteSwiftPackageReference "swift-collections" */;
			productName = OrderedCollections;
		};
/* End XCSwiftPackageProductDependency section */

/* Begin XCVersionGroup section */
		E14E806B292D2E0D0009B939 /* FruitsGraphQL.xcdatamodeld */ = {
			isa = XCVersionGroup;
			children = (
				E14E806C292D2E0D0009B939 /* FruitsGraphQL.xcdatamodel */,
			);
			currentVersion = E14E806C292D2E0D0009B939 /* FruitsGraphQL.xcdatamodel */;
			path = FruitsGraphQL.xcdatamodeld;
			sourceTree = "<group>";
			versionGroupType = wrapper.xcdatamodel;
		};
/* End XCVersionGroup section */
	};
	rootObject = E14E8057292D2E0D0009B939 /* Project object */;
}
